
Microsoft Visual Studio Solution File, Format Version 12.00
Project("{FAE04EC0-301F-11D3-BF4B-00C04F79EFBC}") = "CW-7-s31753", "CW-7-s31753\CW-7-s31753.csproj", "{89FD07D3-5A49-47E0-86F7-6DD3E627FBC1}"
EndProject
Global
	GlobalSection(SolutionConfigurationPlatforms) = preSolution
		Debug|Any CPU = Debug|Any CPU
		Release|Any CPU = Release|Any CPU
	EndGlobalSection
	GlobalSection(ProjectConfigurationPlatforms) = postSolution
		{89FD07D3-5A49-47E0-86F7-6DD3E627FBC1}.Debug|Any CPU.ActiveCfg = Debug|Any CPU
		{89FD07D3-5A49-47E0-86F7-6DD3E627FBC1}.Debug|Any CPU.Build.0 = Debug|Any CPU
		{89FD07D3-5A49-47E0-86F7-6DD3E627FBC1}.Release|Any CPU.ActiveCfg = Release|Any CPU
		{89FD07D3-5A49-47E0-86F7-6DD3E627FBC1}.Release|Any CPU.Build.0 = Release|Any CPU
	EndGlobalSection
EndGlobal
